
Microsoft Visual Studio Solution File, Format Version 12.00
# Visual Studio Version 17
VisualStudioVersion = 17.0.32126.317
MinimumVisualStudioVersion = 10.0.40219.1
Project("{FAE04EC0-301F-11D3-BF4B-00C04F79EFBC}") = "Editor de Texto", "Editor de Texto.csproj", "{6B6D5362-3D67-4C88-BC28-274ADA5AFED0}"
EndProject
Global
	GlobalSection(SolutionConfigurationPlatforms) = preSolution
		Debug|Any CPU = Debug|Any CPU
		Release|Any CPU = Release|Any CPU
	EndGlobalSection
	GlobalSection(ProjectConfigurationPlatforms) = postSolution
		{6B6D5362-3D67-4C88-BC28-274ADA5AFED0}.Debug|Any CPU.ActiveCfg = Debug|Any CPU
		{6B6D5362-3D67-4C88-BC28-274ADA5AFED0}.Debug|Any CPU.Build.0 = Debug|Any CPU
		{6B6D5362-3D67-4C88-BC28-274ADA5AFED0}.Release|Any CPU.ActiveCfg = Release|Any CPU
		{6B6D5362-3D67-4C88-BC28-274ADA5AFED0}.Release|Any CPU.Build.0 = Release|Any CPU
	EndGlobalSection
	GlobalSection(SolutionProperties) = preSolution
		HideSolutionNode = FALSE
	EndGlobalSection
	GlobalSection(ExtensibilityGlobals) = postSolution
		SolutionGuid = {1A8A1E56-502C-40F1-9EF3-633F88C47C63}
	EndGlobalSection
EndGlobal
